
Microsoft Visual Studio Solution File, Format Version 12.00
# Visual Studio Version 16
VisualStudioVersion = 16.0.30413.136
MinimumVisualStudioVersion = 10.0.40219.1
Project("{FAE04EC0-301F-11D3-BF4B-00C04F79EFBC}") = "Image Uploader", "Image Uploader\Image Uploader.csproj", "{BBF03B9D-05D7-4E84-B5A8-891DE6D8C4C8}"
EndProject
Global
	GlobalSection(SolutionConfigurationPlatforms) = preSolution
		Debug|Any CPU = Debug|Any CPU
		Release|Any CPU = Release|Any CPU
	EndGlobalSection
	GlobalSection(ProjectConfigurationPlatforms) = postSolution
		{BBF03B9D-05D7-4E84-B5A8-891DE6D8C4C8}.Debug|Any CPU.ActiveCfg = Debug|Any CPU
		{BBF03B9D-05D7-4E84-B5A8-891DE6D8C4C8}.Debug|Any CPU.Build.0 = Debug|Any CPU
		{BBF03B9D-05D7-4E84-B5A8-891DE6D8C4C8}.Release|Any CPU.ActiveCfg = Release|Any CPU
		{BBF03B9D-05D7-4E84-B5A8-891DE6D8C4C8}.Release|Any CPU.Build.0 = Release|Any CPU
	EndGlobalSection
	GlobalSection(SolutionProperties) = preSolution
		HideSolutionNode = FALSE
	EndGlobalSection
	GlobalSection(ExtensibilityGlobals) = postSolution
		SolutionGuid = {D268FE49-4B3F-4E46-8C9D-5AAED6647F14}
	EndGlobalSection
EndGlobal
